<?xml version="1.0" encoding="UTF-8" standalone="yes" ?>
<CodeBlocks_project_file>
	<FileVersion major="1" minor="6" />
	<Project>
		<Option title="SuperGroup_PizzaCo" />
		<Option pch_mode="2" />
		<Option compiler="gcc" />
		<Build>
			<Target title="Debug">
				<Option output="bin/Debug/SuperGroup_PizzaCo" prefix_auto="1" extension_auto="1" />
				<Option object_output="obj/Debug/" />
				<Option type="1" />
				<Option compiler="gcc" />
				<Compiler>
					<Add option="-g" />
					<Add directory="include" />
					<Add directory="Controler" />
					<Add directory="C:/Users/Hartiparti/Desktop/3Vikna/VLN1_TeamSupergroup/SuperGroup_PizzaCo/include" />
					<Add directory="View" />
					<Add directory="Models" />
					<Add directory="Controlers" />
				</Compiler>
			</Target>
			<Target title="Release">
				<Option output="bin/Release/SuperGroup_PizzaCo" prefix_auto="1" extension_auto="1" />
				<Option object_output="obj/Release/" />
				<Option type="1" />
				<Option compiler="gcc" />
				<Compiler>
					<Add option="-O2" />
					<Add directory="include" />
					<Add directory="Controler" />
					<Add directory="C:/Users/Hartiparti/Desktop/3Vikna/VLN1_TeamSupergroup/SuperGroup_PizzaCo/include" />
					<Add directory="View" />
					<Add directory="Models" />
					<Add directory="Controlers" />
				</Compiler>
				<Linker>
					<Add option="-s" />
				</Linker>
			</Target>
		</Build>
		<Compiler>
			<Add option="-Wall" />
			<Add option="-fexceptions" />
		</Compiler>
		<Unit filename="Controlers/ControlerPizza.cpp" />
		<Unit filename="Controlers/ControlerPizza.h" />
		<Unit filename="Controlers/Controlers.cpp" />
		<Unit filename="Controlers/Controlers.h" />
		<Unit filename="Models/Pizza.cpp" />
		<Unit filename="Models/Pizza.h" />
		<Unit filename="Models/Topping.cpp" />
		<Unit filename="Models/Topping.h" />
		<Unit filename="View/Main_interface.cpp" />
		<Unit filename="View/Main_interface.h" />
		<Unit filename="View/Pizza_UI.cpp" />
		<Unit filename="View/Pizza_UI.h" />
		<Unit filename="View/View.h" />
		<Unit filename="main.cpp" />
		<Extensions>
			<code_completion />
			<envvars />
			<debugger />
		</Extensions>
	</Project>
</CodeBlocks_project_file>
