<?xml version="1.0" encoding="UTF-8" standalone="yes" ?>
<CodeBlocks_project_file>
	<FileVersion major="1" minor="6" />
	<Project>
		<Option title="SuperGroup_PizzaCo" />
		<Option pch_mode="2" />
		<Option compiler="gcc" />
		<Build>
			<Target title="Debug">
				<Option output="bin/Debug/SuperGroup_PizzaCo" prefix_auto="1" extension_auto="1" />
				<Option object_output="obj/Debug/" />
				<Option type="1" />
				<Option compiler="gcc" />
				<Compiler>
					<Add option="-g" />
					<Add directory="include" />
					<Add directory="Controler" />
					<Add directory="C:/Users/Hartiparti/Desktop/3Vikna/VLN1_TeamSupergroup/SuperGroup_PizzaCo/include" />
					<Add directory="View" />
					<Add directory="Models" />
					<Add directory="Controlers" />
				</Compiler>
			</Target>
			<Target title="Release">
				<Option output="bin/Release/SuperGroup_PizzaCo" prefix_auto="1" extension_auto="1" />
				<Option object_output="obj/Release/" />
				<Option type="1" />
				<Option compiler="gcc" />
				<Compiler>
					<Add option="-O2" />
					<Add directory="include" />
					<Add directory="Controler" />
					<Add directory="C:/Users/Hartiparti/Desktop/3Vikna/VLN1_TeamSupergroup/SuperGroup_PizzaCo/include" />
					<Add directory="View" />
					<Add directory="Models" />
					<Add directory="Controlers" />
				</Compiler>
				<Linker>
					<Add option="-s" />
				</Linker>
			</Target>
		</Build>
		<Compiler>
			<Add option="-Wall" />
			<Add option="-fexceptions" />
		</Compiler>
		<Unit filename="AdminUI.cpp" />
		<Unit filename="AdminUI.h" />
		<Unit filename="AdminView.cpp" />
		<Unit filename="AdminView.h" />
		<Unit filename="Baker_UI.cpp" />
		<Unit filename="Baker_UI.h" />
		<Unit filename="ControlerPizza.cpp" />
		<Unit filename="ControlerPizza.h" />
		<Unit filename="Controlers.cpp" />
		<Unit filename="Controlers.h" />
		<Unit filename="Main_interface.cpp" />
		<Unit filename="Main_interface.h" />
		<Unit filename="Models.cpp" />
		<Unit filename="Models.h" />
		<Unit filename="Pizza.cpp" />
		<Unit filename="Pizza.h" />
		<Unit filename="Pizza_UI.cpp" />
		<Unit filename="Pizza_UI.h" />
		<Unit filename="Topping.cpp" />
		<Unit filename="Topping.h" />
		<Unit filename="View.cpp" />
		<Unit filename="View.h" />
		<Unit filename="main.cpp" />
		<Extensions>
			<code_completion />
			<envvars />
			<debugger />
		</Extensions>
	</Project>
</CodeBlocks_project_file>
